
Microsoft Visual Studio Solution File, Format Version 12.00
# Visual Studio Version 16
VisualStudioVersion = 16.0.30114.105
MinimumVisualStudioVersion = 10.0.40219.1
Project("{2150E333-8FDC-42A3-9474-1A3956D46DE8}") = "src", "src", "{0E494739-511B-43C6-AAF5-EA67FE7A4DE2}"
EndProject
Project("{FAE04EC0-301F-11D3-BF4B-00C04F79EFBC}") = "Algorithms", "src\Algorithms\Algorithms.csproj", "{3D26D22F-DB59-4311-BE11-84F7123D4BEC}"
EndProject
Project("{2150E333-8FDC-42A3-9474-1A3956D46DE8}") = "test", "test", "{60D1BA7A-91D4-4EE7-B463-F6EDBBB4E063}"
EndProject
Project("{FAE04EC0-301F-11D3-BF4B-00C04F79EFBC}") = "Algorithms.Test", "test\Algorithms.Test\Algorithms.Test.csproj", "{9709D195-4CA9-4C2B-B3B4-C31B54F3C88F}"
EndProject
Global
	GlobalSection(SolutionConfigurationPlatforms) = preSolution
		Debug|Any CPU = Debug|Any CPU
		Release|Any CPU = Release|Any CPU
	EndGlobalSection
	GlobalSection(SolutionProperties) = preSolution
		HideSolutionNode = FALSE
	EndGlobalSection
	GlobalSection(ProjectConfigurationPlatforms) = postSolution
		{3D26D22F-DB59-4311-BE11-84F7123D4BEC}.Debug|Any CPU.ActiveCfg = Debug|Any CPU
		{3D26D22F-DB59-4311-BE11-84F7123D4BEC}.Debug|Any CPU.Build.0 = Debug|Any CPU
		{3D26D22F-DB59-4311-BE11-84F7123D4BEC}.Release|Any CPU.ActiveCfg = Release|Any CPU
		{3D26D22F-DB59-4311-BE11-84F7123D4BEC}.Release|Any CPU.Build.0 = Release|Any CPU
		{9709D195-4CA9-4C2B-B3B4-C31B54F3C88F}.Debug|Any CPU.ActiveCfg = Debug|Any CPU
		{9709D195-4CA9-4C2B-B3B4-C31B54F3C88F}.Debug|Any CPU.Build.0 = Debug|Any CPU
		{9709D195-4CA9-4C2B-B3B4-C31B54F3C88F}.Release|Any CPU.ActiveCfg = Release|Any CPU
		{9709D195-4CA9-4C2B-B3B4-C31B54F3C88F}.Release|Any CPU.Build.0 = Release|Any CPU
	EndGlobalSection
	GlobalSection(NestedProjects) = preSolution
		{3D26D22F-DB59-4311-BE11-84F7123D4BEC} = {0E494739-511B-43C6-AAF5-EA67FE7A4DE2}
		{9709D195-4CA9-4C2B-B3B4-C31B54F3C88F} = {60D1BA7A-91D4-4EE7-B463-F6EDBBB4E063}
	EndGlobalSection
EndGlobal
